# THIS IS AN AUTOGENERATED FILE. DO NOT EDIT THIS FILE DIRECTLY.
# yarn lockfile v1


"@angular/common@^6.1.1":
  version "6.1.1"
  resolved "https://registry.yarnpkg.com/@angular/common/-/common-6.1.1.tgz#78b2bb69604220720ee2f96d32469fae43dc6325"
  dependencies:
    tslib "^1.9.0"

"@angular/core@^6.1.1":
  version "6.1.1"
  resolved "https://registry.yarnpkg.com/@angular/core/-/core-6.1.1.tgz#dfdc6dd4bb01cb12d0a1faac4cb3ac7caa3b35ba"
  dependencies:
    tslib "^1.9.0"

rxjs@^6.2.2:
  version "6.2.2"
  resolved "https://registry.yarnpkg.com/rxjs/-/rxjs-6.2.2.tgz#eb75fa3c186ff5289907d06483a77884586e1cf9"
  dependencies:
    tslib "^1.9.0"

tslib@^1.9.0:
  version "1.9.3"
  resolved "https://registry.yarnpkg.com/tslib/-/tslib-1.9.3.tgz#d7e4dd79245d85428c4d7e4822a79917954ca286"

zone.js@^0.8.26:
  version "0.8.26"
  resolved "https://registry.yarnpkg.com/zone.js/-/zone.js-0.8.26.tgz#7bdd72f7668c5a7ad6b118148b4ea39c59d08d2d"
